# @generated by Move, please check-in and do not edit manually.

[move]
version = 3
manifest_digest = "CBDB8A76880D3F0534164FB4E7C3037FAE640A93796CB4B118EEFD49CBD73A05"
deps_digest = "F8BBB0CCB2491CA29A3DF03D6F92277A4F3574266507ACD77214D37ECA3F3082"
dependencies = [
  { id = "Sui", name = "Sui" },
]

[[move.package]]
id = "MoveStdlib"
source = { git = "https://github.com/MystenLabs/sui.git", rev = "framework/testnet", subdir = "crates/sui-framework/packages/move-stdlib" }

[[move.package]]
id = "Sui"
source = { git = "https://github.com/MystenLabs/sui.git", rev = "framework/testnet", subdir = "crates/sui-framework/packages/sui-framework" }

dependencies = [
  { id = "MoveStdlib", name = "MoveStdlib" },
]

[move.toolchain-version]
compiler-version = "1.40.1"
edition = "2024.beta"
flavor = "sui"

[env]

[env.testnet]
chain-id = "4c78adac"
original-published-id = "0xc150f630ac13906013d34056f12f7bb9d93952eea17408cec1814499f0a690ab"
latest-published-id = "0xc150f630ac13906013d34056f12f7bb9d93952eea17408cec1814499f0a690ab"
published-version = "1"
