# @generated by Move, please check-in and do not edit manually.

[move]
version = 3
manifest_digest = "44EFB941E3F8081701CF70F3CE1CAE91A11E32860D7D8276E9C5F05A806E444F"
deps_digest = "F8BBB0CCB2491CA29A3DF03D6F92277A4F3574266507ACD77214D37ECA3F3082"
dependencies = [
  { id = "Sui", name = "Sui" },
]

[[move.package]]
id = "MoveStdlib"
source = { local = "../../../sui/crates/sui-framework/packages/move-stdlib" }

[[move.package]]
id = "Sui"
source = { local = "../../../sui/crates/sui-framework/packages/sui-framework" }

dependencies = [
  { id = "MoveStdlib", name = "MoveStdlib" },
]

[move.toolchain-version]
compiler-version = "1.40.1"
edition = "2024.beta"
flavor = "sui"

[env]

[env.testnet]
chain-id = "4c78adac"
original-published-id = "0xeb166a700e78112aa71383f2674d1ad940b520e2eb2380ddf9534e544a97a218"
latest-published-id = "0xeb166a700e78112aa71383f2674d1ad940b520e2eb2380ddf9534e544a97a218"
published-version = "1"
